{
  "name": "design-system",
  "version": "1.0.0",
  "lockfileVersion": 2,
  "requires": true,
  "packages": {
    "": {
      "name": "design-system",
      "version": "1.0.0",
      "license": "ISC",
      "devDependencies": {
        "@storybook/addon-themes": "^7.6.17"
      }
    },
    "node_modules/@storybook/addon-themes": {
      "version": "7.6.17",
      "resolved": "https://registry.npmjs.org/@storybook/addon-themes/-/addon-themes-7.6.17.tgz",
      "integrity": "sha512-i/dI3GKlJmQv0Di9HM3fKJvFIab55kvva0vXCGBkqSw3wYoZuq++npkWeDnjjZUvggV12H2RTdGqYwMCXB/GHg==",
      "dev": true,
      "dependencies": {
        "ts-dedent": "^2.0.0"
      },
      "funding": {
        "type": "opencollective",
        "url": "https://opencollective.com/storybook"
      }
    },
    "node_modules/ts-dedent": {
      "version": "2.2.0",
      "resolved": "https://registry.npmjs.org/ts-dedent/-/ts-dedent-2.2.0.tgz",
      "integrity": "sha512-q5W7tVM71e2xjHZTlgfTDoPF/SmqKG5hddq9SzR49CH2hayqRKJtQ4mtRlSxKaJlR/+9rEM+mnBHf7I2/BQcpQ==",
      "dev": true,
      "engines": {
        "node": ">=6.10"
      }
    }
  },
  "dependencies": {
    "@storybook/addon-themes": {
      "version": "7.6.17",
      "resolved": "https://registry.npmjs.org/@storybook/addon-themes/-/addon-themes-7.6.17.tgz",
      "integrity": "sha512-i/dI3GKlJmQv0Di9HM3fKJvFIab55kvva0vXCGBkqSw3wYoZuq++npkWeDnjjZUvggV12H2RTdGqYwMCXB/GHg==",
      "dev": true,
      "requires": {
        "ts-dedent": "^2.0.0"
      }
    },
    "ts-dedent": {
      "version": "2.2.0",
      "resolved": "https://registry.npmjs.org/ts-dedent/-/ts-dedent-2.2.0.tgz",
      "integrity": "sha512-q5W7tVM71e2xjHZTlgfTDoPF/SmqKG5hddq9SzR49CH2hayqRKJtQ4mtRlSxKaJlR/+9rEM+mnBHf7I2/BQcpQ==",
      "dev": true
    }
  }
}
